{
  "requires": true,
  "lockfileVersion": 1,
  "dependencies": {
    "react-native-azurenotificationhub": {
      "version": "0.3.0",
      "resolved": "https://registry.npmjs.org/react-native-azurenotificationhub/-/react-native-azurenotificationhub-0.3.0.tgz",
      "integrity": "sha1-DQU+u0G1YRavM7ceICgh2rxmxsA="
    }
  }
}
